
Microsoft Visual Studio Solution File, Format Version 12.00
# Visual Studio Version 17
VisualStudioVersion = 17.0.32014.148
MinimumVisualStudioVersion = 10.0.40219.1
Project("{9A19103F-16F7-4668-BE54-9A1E7A4F7556}") = "Bernhoeft.GRT.Teste.Application", "2-Application\Bernhoeft.GRT.Teste.Application\Bernhoeft.GRT.Teste.Application.csproj", "{0602FD8F-F01D-4105-BCCA-838E0613F6C2}"
EndProject
Project("{9A19103F-16F7-4668-BE54-9A1E7A4F7556}") = "Bernhoeft.GRT.Teste.Api", "1-Presentation\Bernhoeft.GRT.Teste.Api\Bernhoeft.GRT.Teste.Api.csproj", "{3008C02E-3CC3-4DC4-8A35-2F57F05D088E}"
EndProject
Project("{2150E333-8FDC-42A3-9474-1A3956D46DE8}") = "1 - Presentation", "1 - Presentation", "{31BFF1D4-E575-4DFD-8F7A-9F5FE8DEAA5C}"
EndProject
Project("{2150E333-8FDC-42A3-9474-1A3956D46DE8}") = "2 - Application", "2 - Application", "{B71ADB90-9D66-4766-973E-791D33CD9BC2}"
EndProject
Project("{2150E333-8FDC-42A3-9474-1A3956D46DE8}") = "0 - Tests", "0 - Tests", "{29B24B44-4607-4037-B721-60549CDF3C77}"
EndProject
Project("{9A19103F-16F7-4668-BE54-9A1E7A4F7556}") = "Bernhoeft.GRT.Teste.IntegrationTests", "0-Tests\Bernhoeft.GRT.Teste.IntegrationTests\Bernhoeft.GRT.Teste.IntegrationTests.csproj", "{6AED83C0-2A9C-463E-933F-F0AAF3B383CD}"
EndProject
Project("{2150E333-8FDC-42A3-9474-1A3956D46DE8}") = "3 - Domain", "3 - Domain", "{540CD85B-8E33-45CE-886D-B45F639B4592}"
EndProject
Project("{2150E333-8FDC-42A3-9474-1A3956D46DE8}") = "4 - Infra", "4 - Infra", "{A19C7D2A-2DB8-4954-A814-D4A4AF9C0155}"
EndProject
Project("{9A19103F-16F7-4668-BE54-9A1E7A4F7556}") = "Bernhoeft.GRT.Teste.Domain", "3-Domain\Bernhoeft.GRT.Teste.Domain\Bernhoeft.GRT.Teste.Domain.csproj", "{AA90F1B1-E234-40B7-9828-39AD0DA1AD7E}"
EndProject
Project("{2150E333-8FDC-42A3-9474-1A3956D46DE8}") = "Solution Items", "Solution Items", "{9D664121-54F6-478E-967F-F584163FAD60}"
	ProjectSection(SolutionItems) = preProject
		.editorconfig = .editorconfig
		.gitignore = .gitignore
		Directory.Build.props = Directory.Build.props
		NuGet.config = NuGet.config
		README.md = README.md
	EndProjectSection
EndProject
Project("{9A19103F-16F7-4668-BE54-9A1E7A4F7556}") = "Bernhoeft.GRT.Teste.Infra.Persistence.InMemory", "4-Infra\Bernhoeft.GRT.Teste.Infra.Persistence.InMemory\Bernhoeft.GRT.Teste.Infra.Persistence.InMemory.csproj", "{EB51A661-5DE1-4143-9325-5B8301DB61B4}"
EndProject
Global
	GlobalSection(SolutionConfigurationPlatforms) = preSolution
		Debug|Any CPU = Debug|Any CPU
		Release|Any CPU = Release|Any CPU
	EndGlobalSection
	GlobalSection(ProjectConfigurationPlatforms) = postSolution
		{0602FD8F-F01D-4105-BCCA-838E0613F6C2}.Debug|Any CPU.ActiveCfg = Debug|Any CPU
		{0602FD8F-F01D-4105-BCCA-838E0613F6C2}.Debug|Any CPU.Build.0 = Debug|Any CPU
		{0602FD8F-F01D-4105-BCCA-838E0613F6C2}.Release|Any CPU.ActiveCfg = Release|Any CPU
		{0602FD8F-F01D-4105-BCCA-838E0613F6C2}.Release|Any CPU.Build.0 = Release|Any CPU
		{3008C02E-3CC3-4DC4-8A35-2F57F05D088E}.Debug|Any CPU.ActiveCfg = Debug|Any CPU
		{3008C02E-3CC3-4DC4-8A35-2F57F05D088E}.Debug|Any CPU.Build.0 = Debug|Any CPU
		{3008C02E-3CC3-4DC4-8A35-2F57F05D088E}.Release|Any CPU.ActiveCfg = Release|Any CPU
		{3008C02E-3CC3-4DC4-8A35-2F57F05D088E}.Release|Any CPU.Build.0 = Release|Any CPU
		{6AED83C0-2A9C-463E-933F-F0AAF3B383CD}.Debug|Any CPU.ActiveCfg = Debug|Any CPU
		{6AED83C0-2A9C-463E-933F-F0AAF3B383CD}.Debug|Any CPU.Build.0 = Debug|Any CPU
		{6AED83C0-2A9C-463E-933F-F0AAF3B383CD}.Release|Any CPU.ActiveCfg = Release|Any CPU
		{6AED83C0-2A9C-463E-933F-F0AAF3B383CD}.Release|Any CPU.Build.0 = Release|Any CPU
		{AA90F1B1-E234-40B7-9828-39AD0DA1AD7E}.Debug|Any CPU.ActiveCfg = Debug|Any CPU
		{AA90F1B1-E234-40B7-9828-39AD0DA1AD7E}.Debug|Any CPU.Build.0 = Debug|Any CPU
		{AA90F1B1-E234-40B7-9828-39AD0DA1AD7E}.Release|Any CPU.ActiveCfg = Release|Any CPU
		{AA90F1B1-E234-40B7-9828-39AD0DA1AD7E}.Release|Any CPU.Build.0 = Release|Any CPU
		{EB51A661-5DE1-4143-9325-5B8301DB61B4}.Debug|Any CPU.ActiveCfg = Debug|Any CPU
		{EB51A661-5DE1-4143-9325-5B8301DB61B4}.Debug|Any CPU.Build.0 = Debug|Any CPU
		{EB51A661-5DE1-4143-9325-5B8301DB61B4}.Release|Any CPU.ActiveCfg = Release|Any CPU
		{EB51A661-5DE1-4143-9325-5B8301DB61B4}.Release|Any CPU.Build.0 = Release|Any CPU
	EndGlobalSection
	GlobalSection(SolutionProperties) = preSolution
		HideSolutionNode = FALSE
	EndGlobalSection
	GlobalSection(NestedProjects) = preSolution
		{0602FD8F-F01D-4105-BCCA-838E0613F6C2} = {B71ADB90-9D66-4766-973E-791D33CD9BC2}
		{3008C02E-3CC3-4DC4-8A35-2F57F05D088E} = {31BFF1D4-E575-4DFD-8F7A-9F5FE8DEAA5C}
		{6AED83C0-2A9C-463E-933F-F0AAF3B383CD} = {29B24B44-4607-4037-B721-60549CDF3C77}
		{AA90F1B1-E234-40B7-9828-39AD0DA1AD7E} = {540CD85B-8E33-45CE-886D-B45F639B4592}
		{EB51A661-5DE1-4143-9325-5B8301DB61B4} = {A19C7D2A-2DB8-4954-A814-D4A4AF9C0155}
	EndGlobalSection
	GlobalSection(ExtensibilityGlobals) = postSolution
		SolutionGuid = {7ABD39E5-2584-4EB0-A485-EC3D2A6519CD}
	EndGlobalSection
EndGlobal
